
Microsoft Visual Studio Solution File, Format Version 12.00
# Visual Studio Version 17
VisualStudioVersion = 17.8.34330.188
MinimumVisualStudioVersion = 10.0.40219.1
Project("{9A19103F-16F7-4668-BE54-9A1E7A4F7556}") = "SimpleTextEditor", "SimpleTextEditor\SimpleTextEditor.csproj", "{9276299B-0CE4-42D8-A20B-23FC741F1F1B}"
EndProject
Project("{9A19103F-16F7-4668-BE54-9A1E7A4F7556}") = "SimpleTextEditor.Demo", "SimpleTextEditor.Demo\SimpleTextEditor.Demo.csproj", "{9B51BC12-F3E6-4D8E-998B-5D648D6CA116}"
EndProject
Global
	GlobalSection(SolutionConfigurationPlatforms) = preSolution
		Debug|Any CPU = Debug|Any CPU
		Release|Any CPU = Release|Any CPU
	EndGlobalSection
	GlobalSection(ProjectConfigurationPlatforms) = postSolution
		{9276299B-0CE4-42D8-A20B-23FC741F1F1B}.Debug|Any CPU.ActiveCfg = Debug|Any CPU
		{9276299B-0CE4-42D8-A20B-23FC741F1F1B}.Debug|Any CPU.Build.0 = Debug|Any CPU
		{9276299B-0CE4-42D8-A20B-23FC741F1F1B}.Release|Any CPU.ActiveCfg = Release|Any CPU
		{9276299B-0CE4-42D8-A20B-23FC741F1F1B}.Release|Any CPU.Build.0 = Release|Any CPU
		{9B51BC12-F3E6-4D8E-998B-5D648D6CA116}.Debug|Any CPU.ActiveCfg = Debug|Any CPU
		{9B51BC12-F3E6-4D8E-998B-5D648D6CA116}.Debug|Any CPU.Build.0 = Debug|Any CPU
		{9B51BC12-F3E6-4D8E-998B-5D648D6CA116}.Release|Any CPU.ActiveCfg = Release|Any CPU
		{9B51BC12-F3E6-4D8E-998B-5D648D6CA116}.Release|Any CPU.Build.0 = Release|Any CPU
	EndGlobalSection
	GlobalSection(SolutionProperties) = preSolution
		HideSolutionNode = FALSE
	EndGlobalSection
	GlobalSection(ExtensibilityGlobals) = postSolution
		SolutionGuid = {1475719F-0471-41B3-9D19-45D7C0F68862}
	EndGlobalSection
EndGlobal
